// !$*UTF8*$!
{
	archiveVersion = 1;
	classes = {
	};
	objectVersion = 56;
	objects = {

/* Begin PBXBuildFile section */
		75247AE4298A7C5B003C324A /* AppDelegate.swift in Sources */ = {isa = PBXBuildFile; fileRef = 75247AE3298A7C5B003C324A /* AppDelegate.swift */; };
		75247AE6298A7C5B003C324A /* SceneDelegate.swift in Sources */ = {isa = PBXBuildFile; fileRef = 75247AE5298A7C5B003C324A /* SceneDelegate.swift */; };
		75247AE8298A7C5B003C324A /* FeedViewController.swift in Sources */ = {isa = PBXBuildFile; fileRef = 75247AE7298A7C5B003C324A /* FeedViewController.swift */; };
		75247AEB298A7C5B003C324A /* Main.storyboard in Resources */ = {isa = PBXBuildFile; fileRef = 75247AE9298A7C5B003C324A /* Main.storyboard */; };
		75247AED298A7C5D003C324A /* Assets.xcassets in Resources */ = {isa = PBXBuildFile; fileRef = 75247AEC298A7C5D003C324A /* Assets.xcassets */; };
		75247AF0298A7C5D003C324A /* LaunchScreen.storyboard in Resources */ = {isa = PBXBuildFile; fileRef = 75247AEE298A7C5D003C324A /* LaunchScreen.storyboard */; };
		75247AFB298A7D9B003C324A /* FeedItem.swift in Sources */ = {isa = PBXBuildFile; fileRef = 75247AFA298A7D9B003C324A /* FeedItem.swift */; };
		75247AFE298A7DD4003C324A /* MockClient.swift in Sources */ = {isa = PBXBuildFile; fileRef = 75247AFD298A7DD4003C324A /* MockClient.swift */; };
		75247B00298A7E05003C324A /* FeedViewModel.swift in Sources */ = {isa = PBXBuildFile; fileRef = 75247AFF298A7E05003C324A /* FeedViewModel.swift */; };
		75247B02298A7E2F003C324A /* FeedView.swift in Sources */ = {isa = PBXBuildFile; fileRef = 75247B01298A7E2F003C324A /* FeedView.swift */; };
		75247B07298A7EDB003C324A /* FeedTVCell.swift in Sources */ = {isa = PBXBuildFile; fileRef = 75247B06298A7EDB003C324A /* FeedTVCell.swift */; };
		75247B0C298A80BB003C324A /* Reusable.swift in Sources */ = {isa = PBXBuildFile; fileRef = 75247B0B298A80BB003C324A /* Reusable.swift */; };
		75247B0F298A815F003C324A /* CustomView.swift in Sources */ = {isa = PBXBuildFile; fileRef = 75247B0E298A815F003C324A /* CustomView.swift */; };
		75247B11298A8293003C324A /* APIClient.swift in Sources */ = {isa = PBXBuildFile; fileRef = 75247B10298A8293003C324A /* APIClient.swift */; };
/* End PBXBuildFile section */

/* Begin PBXFileReference section */
		75247AE0298A7C5B003C324A /* Test.app */ = {isa = PBXFileReference; explicitFileType = wrapper.application; includeInIndex = 0; path = Test.app; sourceTree = BUILT_PRODUCTS_DIR; };
		75247AE3298A7C5B003C324A /* AppDelegate.swift */ = {isa = PBXFileReference; lastKnownFileType = sourcecode.swift; path = AppDelegate.swift; sourceTree = "<group>"; };
		75247AE5298A7C5B003C324A /* SceneDelegate.swift */ = {isa = PBXFileReference; lastKnownFileType = sourcecode.swift; path = SceneDelegate.swift; sourceTree = "<group>"; };
		75247AE7298A7C5B003C324A /* FeedViewController.swift */ = {isa = PBXFileReference; lastKnownFileType = sourcecode.swift; path = FeedViewController.swift; sourceTree = "<group>"; };
		75247AEA298A7C5B003C324A /* Base */ = {isa = PBXFileReference; lastKnownFileType = file.storyboard; name = Base; path = Base.lproj/Main.storyboard; sourceTree = "<group>"; };
		75247AEC298A7C5D003C324A /* Assets.xcassets */ = {isa = PBXFileReference; lastKnownFileType = folder.assetcatalog; path = Assets.xcassets; sourceTree = "<group>"; };
		75247AEF298A7C5D003C324A /* Base */ = {isa = PBXFileReference; lastKnownFileType = file.storyboard; name = Base; path = Base.lproj/LaunchScreen.storyboard; sourceTree = "<group>"; };
		75247AF1298A7C5D003C324A /* Info.plist */ = {isa = PBXFileReference; lastKnownFileType = text.plist.xml; path = Info.plist; sourceTree = "<group>"; };
		75247AFA298A7D9B003C324A /* FeedItem.swift */ = {isa = PBXFileReference; lastKnownFileType = sourcecode.swift; path = FeedItem.swift; sourceTree = "<group>"; };
		75247AFD298A7DD4003C324A /* MockClient.swift */ = {isa = PBXFileReference; lastKnownFileType = sourcecode.swift; path = MockClient.swift; sourceTree = "<group>"; };
		75247AFF298A7E05003C324A /* FeedViewModel.swift */ = {isa = PBXFileReference; lastKnownFileType = sourcecode.swift; path = FeedViewModel.swift; sourceTree = "<group>"; };
		75247B01298A7E2F003C324A /* FeedView.swift */ = {isa = PBXFileReference; lastKnownFileType = sourcecode.swift; path = FeedView.swift; sourceTree = "<group>"; };
		75247B06298A7EDB003C324A /* FeedTVCell.swift */ = {isa = PBXFileReference; lastKnownFileType = sourcecode.swift; path = FeedTVCell.swift; sourceTree = "<group>"; };
		75247B0B298A80BB003C324A /* Reusable.swift */ = {isa = PBXFileReference; lastKnownFileType = sourcecode.swift; path = Reusable.swift; sourceTree = "<group>"; };
		75247B0E298A815F003C324A /* CustomView.swift */ = {isa = PBXFileReference; lastKnownFileType = sourcecode.swift; path = CustomView.swift; sourceTree = "<group>"; };
		75247B10298A8293003C324A /* APIClient.swift */ = {isa = PBXFileReference; lastKnownFileType = sourcecode.swift; path = APIClient.swift; sourceTree = "<group>"; };
/* End PBXFileReference section */

/* Begin PBXFrameworksBuildPhase section */
		75247ADD298A7C5B003C324A /* Frameworks */ = {
			isa = PBXFrameworksBuildPhase;
			buildActionMask = 2147483647;
			files = (
			);
			runOnlyForDeploymentPostprocessing = 0;
		};
/* End PBXFrameworksBuildPhase section */

/* Begin PBXGroup section */
		75247AD7298A7C5B003C324A = {
			isa = PBXGroup;
			children = (
				75247AE2298A7C5B003C324A /* Test */,
				75247AE1298A7C5B003C324A /* Products */,
			);
			sourceTree = "<group>";
		};
		75247AE1298A7C5B003C324A /* Products */ = {
			isa = PBXGroup;
			children = (
				75247AE0298A7C5B003C324A /* Test.app */,
			);
			name = Products;
			sourceTree = "<group>";
		};
		75247AE2298A7C5B003C324A /* Test */ = {
			isa = PBXGroup;
			children = (
				75247B08298A8074003C324A /* App */,
				75247AFC298A7DC3003C324A /* Networking */,
				75247AF8298A7D7D003C324A /* Model */,
				75247B0D298A812D003C324A /* Datasources */,
				75247AF9298A7D84003C324A /* View Model */,
				75247AF7298A7D76003C324A /* View */,
				75247B09298A809C003C324A /* Helpers */,
				75247AEC298A7C5D003C324A /* Assets.xcassets */,
				75247AEE298A7C5D003C324A /* LaunchScreen.storyboard */,
				75247AF1298A7C5D003C324A /* Info.plist */,
			);
			path = Test;
			sourceTree = "<group>";
		};
		75247AF7298A7D76003C324A /* View */ = {
			isa = PBXGroup;
			children = (
				75247B03298A7E35003C324A /* Layout */,
				75247B05298A7E46003C324A /* Cells */,
				75247B04298A7E3D003C324A /* View Controller */,
			);
			path = View;
			sourceTree = "<group>";
		};
		75247AF8298A7D7D003C324A /* Model */ = {
			isa = PBXGroup;
			children = (
				75247AFA298A7D9B003C324A /* FeedItem.swift */,
			);
			path = Model;
			sourceTree = "<group>";
		};
		75247AF9298A7D84003C324A /* View Model */ = {
			isa = PBXGroup;
			children = (
				75247AFF298A7E05003C324A /* FeedViewModel.swift */,
			);
			path = "View Model";
			sourceTree = "<group>";
		};
		75247AFC298A7DC3003C324A /* Networking */ = {
			isa = PBXGroup;
			children = (
				75247AFD298A7DD4003C324A /* MockClient.swift */,
				75247B10298A8293003C324A /* APIClient.swift */,
			);
			path = Networking;
			sourceTree = "<group>";
		};
		75247B03298A7E35003C324A /* Layout */ = {
			isa = PBXGroup;
			children = (
				75247B01298A7E2F003C324A /* FeedView.swift */,
			);
			path = Layout;
			sourceTree = "<group>";
		};
		75247B04298A7E3D003C324A /* View Controller */ = {
			isa = PBXGroup;
			children = (
				75247AE7298A7C5B003C324A /* FeedViewController.swift */,
			);
			path = "View Controller";
			sourceTree = "<group>";
		};
		75247B05298A7E46003C324A /* Cells */ = {
			isa = PBXGroup;
			children = (
				75247B06298A7EDB003C324A /* FeedTVCell.swift */,
			);
			path = Cells;
			sourceTree = "<group>";
		};
		75247B08298A8074003C324A /* App */ = {
			isa = PBXGroup;
			children = (
				75247AE3298A7C5B003C324A /* AppDelegate.swift */,
				75247AE5298A7C5B003C324A /* SceneDelegate.swift */,
				75247AE9298A7C5B003C324A /* Main.storyboard */,
			);
			path = App;
			sourceTree = "<group>";
		};
		75247B09298A809C003C324A /* Helpers */ = {
			isa = PBXGroup;
			children = (
				75247B0A298A80A3003C324A /* Extensions */,
				75247B0B298A80BB003C324A /* Reusable.swift */,
				75247B0E298A815F003C324A /* CustomView.swift */,
			);
			path = Helpers;
			sourceTree = "<group>";
		};
		75247B0A298A80A3003C324A /* Extensions */ = {
			isa = PBXGroup;
			children = (
			);
			path = Extensions;
			sourceTree = "<group>";
		};
		75247B0D298A812D003C324A /* Datasources */ = {
			isa = PBXGroup;
			children = (
			);
			path = Datasources;
			sourceTree = "<group>";
		};
/* End PBXGroup section */

/* Begin PBXNativeTarget section */
		75247ADF298A7C5B003C324A /* Test */ = {
			isa = PBXNativeTarget;
			buildConfigurationList = 75247AF4298A7C5D003C324A /* Build configuration list for PBXNativeTarget "Test" */;
			buildPhases = (
				75247ADC298A7C5B003C324A /* Sources */,
				75247ADD298A7C5B003C324A /* Frameworks */,
				75247ADE298A7C5B003C324A /* Resources */,
			);
			buildRules = (
			);
			dependencies = (
			);
			name = Test;
			productName = Test;
			productReference = 75247AE0298A7C5B003C324A /* Test.app */;
			productType = "com.apple.product-type.application";
		};
/* End PBXNativeTarget section */

/* Begin PBXProject section */
		75247AD8298A7C5B003C324A /* Project object */ = {
			isa = PBXProject;
			attributes = {
				BuildIndependentTargetsInParallel = 1;
				LastSwiftUpdateCheck = 1400;
				LastUpgradeCheck = 1400;
				TargetAttributes = {
					75247ADF298A7C5B003C324A = {
						CreatedOnToolsVersion = 14.0.1;
					};
				};
			};
			buildConfigurationList = 75247ADB298A7C5B003C324A /* Build configuration list for PBXProject "Test" */;
			compatibilityVersion = "Xcode 14.0";
			developmentRegion = en;
			hasScannedForEncodings = 0;
			knownRegions = (
				en,
				Base,
			);
			mainGroup = 75247AD7298A7C5B003C324A;
			productRefGroup = 75247AE1298A7C5B003C324A /* Products */;
			projectDirPath = "";
			projectRoot = "";
			targets = (
				75247ADF298A7C5B003C324A /* Test */,
			);
		};
/* End PBXProject section */

/* Begin PBXResourcesBuildPhase section */
		75247ADE298A7C5B003C324A /* Resources */ = {
			isa = PBXResourcesBuildPhase;
			buildActionMask = 2147483647;
			files = (
				75247AF0298A7C5D003C324A /* LaunchScreen.storyboard in Resources */,
				75247AED298A7C5D003C324A /* Assets.xcassets in Resources */,
				75247AEB298A7C5B003C324A /* Main.storyboard in Resources */,
			);
			runOnlyForDeploymentPostprocessing = 0;
		};
/* End PBXResourcesBuildPhase section */

/* Begin PBXSourcesBuildPhase section */
		75247ADC298A7C5B003C324A /* Sources */ = {
			isa = PBXSourcesBuildPhase;
			buildActionMask = 2147483647;
			files = (
				75247B02298A7E2F003C324A /* FeedView.swift in Sources */,
				75247B07298A7EDB003C324A /* FeedTVCell.swift in Sources */,
				75247B00298A7E05003C324A /* FeedViewModel.swift in Sources */,
				75247B0C298A80BB003C324A /* Reusable.swift in Sources */,
				75247AFE298A7DD4003C324A /* MockClient.swift in Sources */,
				75247B11298A8293003C324A /* APIClient.swift in Sources */,
				75247B0F298A815F003C324A /* CustomView.swift in Sources */,
				75247AFB298A7D9B003C324A /* FeedItem.swift in Sources */,
				75247AE8298A7C5B003C324A /* FeedViewController.swift in Sources */,
				75247AE4298A7C5B003C324A /* AppDelegate.swift in Sources */,
				75247AE6298A7C5B003C324A /* SceneDelegate.swift in Sources */,
			);
			runOnlyForDeploymentPostprocessing = 0;
		};
/* End PBXSourcesBuildPhase section */

/* Begin PBXVariantGroup section */
		75247AE9298A7C5B003C324A /* Main.storyboard */ = {
			isa = PBXVariantGroup;
			children = (
				75247AEA298A7C5B003C324A /* Base */,
			);
			name = Main.storyboard;
			sourceTree = "<group>";
		};
		75247AEE298A7C5D003C324A /* LaunchScreen.storyboard */ = {
			isa = PBXVariantGroup;
			children = (
				75247AEF298A7C5D003C324A /* Base */,
			);
			name = LaunchScreen.storyboard;
			sourceTree = "<group>";
		};
/* End PBXVariantGroup section */

/* Begin XCBuildConfiguration section */
		75247AF2298A7C5D003C324A /* Debug */ = {
			isa = XCBuildConfiguration;
			buildSettings = {
				ALWAYS_SEARCH_USER_PATHS = NO;
				CLANG_ANALYZER_NONNULL = YES;
				CLANG_ANALYZER_NUMBER_OBJECT_CONVERSION = YES_AGGRESSIVE;
				CLANG_CXX_LANGUAGE_STANDARD = "gnu++20";
				CLANG_ENABLE_MODULES = YES;
				CLANG_ENABLE_OBJC_ARC = YES;
				CLANG_ENABLE_OBJC_WEAK = YES;
				CLANG_WARN_BLOCK_CAPTURE_AUTORELEASING = YES;
				CLANG_WARN_BOOL_CONVERSION = YES;
				CLANG_WARN_COMMA = YES;
				CLANG_WARN_CONSTANT_CONVERSION = YES;
				CLANG_WARN_DEPRECATED_OBJC_IMPLEMENTATIONS = YES;
				CLANG_WARN_DIRECT_OBJC_ISA_USAGE = YES_ERROR;
				CLANG_WARN_DOCUMENTATION_COMMENTS = YES;
				CLANG_WARN_EMPTY_BODY = YES;
				CLANG_WARN_ENUM_CONVERSION = YES;
				CLANG_WARN_INFINITE_RECURSION = YES;
				CLANG_WARN_INT_CONVERSION = YES;
				CLANG_WARN_NON_LITERAL_NULL_CONVERSION = YES;
				CLANG_WARN_OBJC_IMPLICIT_RETAIN_SELF = YES;
				CLANG_WARN_OBJC_LITERAL_CONVERSION = YES;
				CLANG_WARN_OBJC_ROOT_CLASS = YES_ERROR;
				CLANG_WARN_QUOTED_INCLUDE_IN_FRAMEWORK_HEADER = YES;
				CLANG_WARN_RANGE_LOOP_ANALYSIS = YES;
				CLANG_WARN_STRICT_PROTOTYPES = YES;
				CLANG_WARN_SUSPICIOUS_MOVE = YES;
				CLANG_WARN_UNGUARDED_AVAILABILITY = YES_AGGRESSIVE;
				CLANG_WARN_UNREACHABLE_CODE = YES;
				CLANG_WARN__DUPLICATE_METHOD_MATCH = YES;
				COPY_PHASE_STRIP = NO;
				DEBUG_INFORMATION_FORMAT = dwarf;
				ENABLE_STRICT_OBJC_MSGSEND = YES;
				ENABLE_TESTABILITY = YES;
				GCC_C_LANGUAGE_STANDARD = gnu11;
				GCC_DYNAMIC_NO_PIC = NO;
				GCC_NO_COMMON_BLOCKS = YES;
				GCC_OPTIMIZATION_LEVEL = 0;
				GCC_PREPROCESSOR_DEFINITIONS = (
					"DEBUG=1",
					"$(inherited)",
				);
				GCC_WARN_64_TO_32_BIT_CONVERSION = YES;
				GCC_WARN_ABOUT_RETURN_TYPE = YES_ERROR;
				GCC_WARN_UNDECLARED_SELECTOR = YES;
				GCC_WARN_UNINITIALIZED_AUTOS = YES_AGGRESSIVE;
				GCC_WARN_UNUSED_FUNCTION = YES;
				GCC_WARN_UNUSED_VARIABLE = YES;
				IPHONEOS_DEPLOYMENT_TARGET = 16.0;
				MTL_ENABLE_DEBUG_INFO = INCLUDE_SOURCE;
				MTL_FAST_MATH = YES;
				ONLY_ACTIVE_ARCH = YES;
				SDKROOT = iphoneos;
				SWIFT_ACTIVE_COMPILATION_CONDITIONS = DEBUG;
				SWIFT_OPTIMIZATION_LEVEL = "-Onone";
			};
			name = Debug;
		};
		75247AF3298A7C5D003C324A /* Release */ = {
			isa = XCBuildConfiguration;
			buildSettings = {
				ALWAYS_SEARCH_USER_PATHS = NO;
				CLANG_ANALYZER_NONNULL = YES;
				CLANG_ANALYZER_NUMBER_OBJECT_CONVERSION = YES_AGGRESSIVE;
				CLANG_CXX_LANGUAGE_STANDARD = "gnu++20";
				CLANG_ENABLE_MODULES = YES;
				CLANG_ENABLE_OBJC_ARC = YES;
				CLANG_ENABLE_OBJC_WEAK = YES;
				CLANG_WARN_BLOCK_CAPTURE_AUTORELEASING = YES;
				CLANG_WARN_BOOL_CONVERSION = YES;
				CLANG_WARN_COMMA = YES;
				CLANG_WARN_CONSTANT_CONVERSION = YES;
				CLANG_WARN_DEPRECATED_OBJC_IMPLEMENTATIONS = YES;
				CLANG_WARN_DIRECT_OBJC_ISA_USAGE = YES_ERROR;
				CLANG_WARN_DOCUMENTATION_COMMENTS = YES;
				CLANG_WARN_EMPTY_BODY = YES;
				CLANG_WARN_ENUM_CONVERSION = YES;
				CLANG_WARN_INFINITE_RECURSION = YES;
				CLANG_WARN_INT_CONVERSION = YES;
				CLANG_WARN_NON_LITERAL_NULL_CONVERSION = YES;
				CLANG_WARN_OBJC_IMPLICIT_RETAIN_SELF = YES;
				CLANG_WARN_OBJC_LITERAL_CONVERSION = YES;
				CLANG_WARN_OBJC_ROOT_CLASS = YES_ERROR;
				CLANG_WARN_QUOTED_INCLUDE_IN_FRAMEWORK_HEADER = YES;
				CLANG_WARN_RANGE_LOOP_ANALYSIS = YES;
				CLANG_WARN_STRICT_PROTOTYPES = YES;
				CLANG_WARN_SUSPICIOUS_MOVE = YES;
				CLANG_WARN_UNGUARDED_AVAILABILITY = YES_AGGRESSIVE;
				CLANG_WARN_UNREACHABLE_CODE = YES;
				CLANG_WARN__DUPLICATE_METHOD_MATCH = YES;
				COPY_PHASE_STRIP = NO;
				DEBUG_INFORMATION_FORMAT = "dwarf-with-dsym";
				ENABLE_NS_ASSERTIONS = NO;
				ENABLE_STRICT_OBJC_MSGSEND = YES;
				GCC_C_LANGUAGE_STANDARD = gnu11;
				GCC_NO_COMMON_BLOCKS = YES;
				GCC_WARN_64_TO_32_BIT_CONVERSION = YES;
				GCC_WARN_ABOUT_RETURN_TYPE = YES_ERROR;
				GCC_WARN_UNDECLARED_SELECTOR = YES;
				GCC_WARN_UNINITIALIZED_AUTOS = YES_AGGRESSIVE;
				GCC_WARN_UNUSED_FUNCTION = YES;
				GCC_WARN_UNUSED_VARIABLE = YES;
				IPHONEOS_DEPLOYMENT_TARGET = 16.0;
				MTL_ENABLE_DEBUG_INFO = NO;
				MTL_FAST_MATH = YES;
				SDKROOT = iphoneos;
				SWIFT_COMPILATION_MODE = wholemodule;
				SWIFT_OPTIMIZATION_LEVEL = "-O";
				VALIDATE_PRODUCT = YES;
			};
			name = Release;
		};
		75247AF5298A7C5D003C324A /* Debug */ = {
			isa = XCBuildConfiguration;
			buildSettings = {
				ASSETCATALOG_COMPILER_APPICON_NAME = AppIcon;
				ASSETCATALOG_COMPILER_GLOBAL_ACCENT_COLOR_NAME = AccentColor;
				CODE_SIGN_STYLE = Automatic;
				CURRENT_PROJECT_VERSION = 1;
				GENERATE_INFOPLIST_FILE = YES;
				INFOPLIST_FILE = Test/Info.plist;
				INFOPLIST_KEY_UIApplicationSupportsIndirectInputEvents = YES;
				INFOPLIST_KEY_UILaunchStoryboardName = LaunchScreen;
				INFOPLIST_KEY_UIMainStoryboardFile = Main;
				INFOPLIST_KEY_UISupportedInterfaceOrientations_iPad = "UIInterfaceOrientationPortrait UIInterfaceOrientationPortraitUpsideDown UIInterfaceOrientationLandscapeLeft UIInterfaceOrientationLandscapeRight";
				INFOPLIST_KEY_UISupportedInterfaceOrientations_iPhone = "UIInterfaceOrientationPortrait UIInterfaceOrientationLandscapeLeft UIInterfaceOrientationLandscapeRight";
				LD_RUNPATH_SEARCH_PATHS = (
					"$(inherited)",
					"@executable_path/Frameworks",
				);
				MARKETING_VERSION = 1.0;
				PRODUCT_BUNDLE_IDENTIFIER = com.example.fpstest.Test;
				PRODUCT_NAME = "$(TARGET_NAME)";
				SWIFT_EMIT_LOC_STRINGS = YES;
				SWIFT_VERSION = 5.0;
				TARGETED_DEVICE_FAMILY = "1,2";
			};
			name = Debug;
		};
		75247AF6298A7C5D003C324A /* Release */ = {
			isa = XCBuildConfiguration;
			buildSettings = {
				ASSETCATALOG_COMPILER_APPICON_NAME = AppIcon;
				ASSETCATALOG_COMPILER_GLOBAL_ACCENT_COLOR_NAME = AccentColor;
				CODE_SIGN_STYLE = Automatic;
				CURRENT_PROJECT_VERSION = 1;
				GENERATE_INFOPLIST_FILE = YES;
				INFOPLIST_FILE = Test/Info.plist;
				INFOPLIST_KEY_UIApplicationSupportsIndirectInputEvents = YES;
				INFOPLIST_KEY_UILaunchStoryboardName = LaunchScreen;
				INFOPLIST_KEY_UIMainStoryboardFile = Main;
				INFOPLIST_KEY_UISupportedInterfaceOrientations_iPad = "UIInterfaceOrientationPortrait UIInterfaceOrientationPortraitUpsideDown UIInterfaceOrientationLandscapeLeft UIInterfaceOrientationLandscapeRight";
				INFOPLIST_KEY_UISupportedInterfaceOrientations_iPhone = "UIInterfaceOrientationPortrait UIInterfaceOrientationLandscapeLeft UIInterfaceOrientationLandscapeRight";
				LD_RUNPATH_SEARCH_PATHS = (
					"$(inherited)",
					"@executable_path/Frameworks",
				);
				MARKETING_VERSION = 1.0;
				PRODUCT_BUNDLE_IDENTIFIER = com.example.fpstest.Test;
				PRODUCT_NAME = "$(TARGET_NAME)";
				SWIFT_EMIT_LOC_STRINGS = YES;
				SWIFT_VERSION = 5.0;
				TARGETED_DEVICE_FAMILY = "1,2";
			};
			name = Release;
		};
/* End XCBuildConfiguration section */

/* Begin XCConfigurationList section */
		75247ADB298A7C5B003C324A /* Build configuration list for PBXProject "Test" */ = {
			isa = XCConfigurationList;
			buildConfigurations = (
				75247AF2298A7C5D003C324A /* Debug */,
				75247AF3298A7C5D003C324A /* Release */,
			);
			defaultConfigurationIsVisible = 0;
			defaultConfigurationName = Release;
		};
		75247AF4298A7C5D003C324A /* Build configuration list for PBXNativeTarget "Test" */ = {
			isa = XCConfigurationList;
			buildConfigurations = (
				75247AF5298A7C5D003C324A /* Debug */,
				75247AF6298A7C5D003C324A /* Release */,
			);
			defaultConfigurationIsVisible = 0;
			defaultConfigurationName = Release;
		};
/* End XCConfigurationList section */
	};
	rootObject = 75247AD8298A7C5B003C324A /* Project object */;
}
